
Microsoft Visual Studio Solution File, Format Version 12.00
# Visual Studio 2013
VisualStudioVersion = 12.0.21005.1
MinimumVisualStudioVersion = 10.0.40219.1
Project("{8BC9CEB8-8B4A-11D0-8D11-00A0C91BC942}") = "SS", "SS\SS.vcxproj", "{A9DFE398-AC9F-4E42-8EE0-68B42A19ABFF}"
EndProject
Global
	GlobalSection(SolutionConfigurationPlatforms) = preSolution
		Debug|Win32 = Debug|Win32
		Release|Win32 = Release|Win32
	EndGlobalSection
	GlobalSection(ProjectConfigurationPlatforms) = postSolution
		{A9DFE398-AC9F-4E42-8EE0-68B42A19ABFF}.Debug|Win32.ActiveCfg = Debug|Win32
		{A9DFE398-AC9F-4E42-8EE0-68B42A19ABFF}.Debug|Win32.Build.0 = Debug|Win32
		{A9DFE398-AC9F-4E42-8EE0-68B42A19ABFF}.Release|Win32.ActiveCfg = Release|Win32
		{A9DFE398-AC9F-4E42-8EE0-68B42A19ABFF}.Release|Win32.Build.0 = Release|Win32
	EndGlobalSection
	GlobalSection(SolutionProperties) = preSolution
		HideSolutionNode = FALSE
	EndGlobalSection
EndGlobal
